
Microsoft Visual Studio Solution File, Format Version 12.00
# Visual Studio 15
VisualStudioVersion = 15.0.27130.2026
MinimumVisualStudioVersion = 10.0.40219.1
Project("{FAE04EC0-301F-11D3-BF4B-00C04F79EFBC}") = "ChallengeSimpleCalculator1", "ChallengeSimpleCalculator1\ChallengeSimpleCalculator1.csproj", "{BCC5A132-3E98-417C-8983-66F4D07BEFAE}"
EndProject
Global
	GlobalSection(SolutionConfigurationPlatforms) = preSolution
		Debug|Any CPU = Debug|Any CPU
		Release|Any CPU = Release|Any CPU
	EndGlobalSection
	GlobalSection(ProjectConfigurationPlatforms) = postSolution
		{BCC5A132-3E98-417C-8983-66F4D07BEFAE}.Debug|Any CPU.ActiveCfg = Debug|Any CPU
		{BCC5A132-3E98-417C-8983-66F4D07BEFAE}.Debug|Any CPU.Build.0 = Debug|Any CPU
		{BCC5A132-3E98-417C-8983-66F4D07BEFAE}.Release|Any CPU.ActiveCfg = Release|Any CPU
		{BCC5A132-3E98-417C-8983-66F4D07BEFAE}.Release|Any CPU.Build.0 = Release|Any CPU
	EndGlobalSection
	GlobalSection(SolutionProperties) = preSolution
		HideSolutionNode = FALSE
	EndGlobalSection
	GlobalSection(ExtensibilityGlobals) = postSolution
		SolutionGuid = {7D3E8D3A-193C-4A1C-98CC-B2B16036CAAC}
	EndGlobalSection
EndGlobal
