
Microsoft Visual Studio Solution File, Format Version 12.00
# Visual Studio 15
VisualStudioVersion = 15.0.27130.2026
MinimumVisualStudioVersion = 10.0.40219.1
Project("{FAE04EC0-301F-11D3-BF4B-00C04F79EFBC}") = "ChallengeConditionalRadioButton", "ChallengeConditionalRadioButton\ChallengeConditionalRadioButton.csproj", "{8337B849-6996-4BE3-9CA5-890F05F377C5}"
EndProject
Global
	GlobalSection(SolutionConfigurationPlatforms) = preSolution
		Debug|Any CPU = Debug|Any CPU
		Release|Any CPU = Release|Any CPU
	EndGlobalSection
	GlobalSection(ProjectConfigurationPlatforms) = postSolution
		{8337B849-6996-4BE3-9CA5-890F05F377C5}.Debug|Any CPU.ActiveCfg = Debug|Any CPU
		{8337B849-6996-4BE3-9CA5-890F05F377C5}.Debug|Any CPU.Build.0 = Debug|Any CPU
		{8337B849-6996-4BE3-9CA5-890F05F377C5}.Release|Any CPU.ActiveCfg = Release|Any CPU
		{8337B849-6996-4BE3-9CA5-890F05F377C5}.Release|Any CPU.Build.0 = Release|Any CPU
	EndGlobalSection
	GlobalSection(SolutionProperties) = preSolution
		HideSolutionNode = FALSE
	EndGlobalSection
	GlobalSection(ExtensibilityGlobals) = postSolution
		SolutionGuid = {25F81C94-E21A-468C-B50D-241A33B35D5E}
	EndGlobalSection
EndGlobal
